#MicroXplorer Configuration settings - do not modify
ADC1.Channel-0\#ChannelRegularConversion=ADC_CHANNEL_4
ADC1.IPParameters=Rank-0\#ChannelRegularConversion,master,Channel-0\#ChannelRegularConversion,SamplingTime-0\#ChannelRegularConversion,NbrOfConversionFlag
ADC1.NbrOfConversionFlag=1
ADC1.Rank-0\#ChannelRegularConversion=1
ADC1.SamplingTime-0\#ChannelRegularConversion=ADC_SAMPLETIME_3CYCLES
ADC1.master=1
CAD.formats=
CAD.pinconfig=
CAD.provider=
Dma.Request0=SPI4_TX
Dma.Request1=USART3_RX
Dma.Request2=USART3_TX
Dma.RequestsNb=3
Dma.SPI4_TX.0.Direction=DMA_MEMORY_TO_PERIPH
Dma.SPI4_TX.0.FIFOMode=DMA_FIFOMODE_DISABLE
Dma.SPI4_TX.0.Instance=DMA2_Stream1
Dma.SPI4_TX.0.MemDataAlignment=DMA_MDATAALIGN_BYTE
Dma.SPI4_TX.0.MemInc=DMA_MINC_ENABLE
Dma.SPI4_TX.0.Mode=DMA_NORMAL
Dma.SPI4_TX.0.PeriphDataAlignment=DMA_PDATAALIGN_BYTE
Dma.SPI4_TX.0.PeriphInc=DMA_PINC_DISABLE
Dma.SPI4_TX.0.Priority=DMA_PRIORITY_LOW
Dma.SPI4_TX.0.RequestParameters=Instance,Direction,PeriphInc,MemInc,PeriphDataAlignment,MemDataAlignment,Mode,Priority,FIFOMode
Dma.USART3_RX.1.Direction=DMA_PERIPH_TO_MEMORY
Dma.USART3_RX.1.FIFOMode=DMA_FIFOMODE_DISABLE
Dma.USART3_RX.1.Instance=DMA1_Stream1
Dma.USART3_RX.1.MemDataAlignment=DMA_MDATAALIGN_BYTE
Dma.USART3_RX.1.MemInc=DMA_MINC_ENABLE
Dma.USART3_RX.1.Mode=DMA_NORMAL
Dma.USART3_RX.1.PeriphDataAlignment=DMA_PDATAALIGN_BYTE
Dma.USART3_RX.1.PeriphInc=DMA_PINC_DISABLE
Dma.USART3_RX.1.Priority=DMA_PRIORITY_LOW
Dma.USART3_RX.1.RequestParameters=Instance,Direction,PeriphInc,MemInc,PeriphDataAlignment,MemDataAlignment,Mode,Priority,FIFOMode
Dma.USART3_TX.2.Direction=DMA_MEMORY_TO_PERIPH
Dma.USART3_TX.2.FIFOMode=DMA_FIFOMODE_DISABLE
Dma.USART3_TX.2.Instance=DMA1_Stream3
Dma.USART3_TX.2.MemDataAlignment=DMA_MDATAALIGN_BYTE
Dma.USART3_TX.2.MemInc=DMA_MINC_ENABLE
Dma.USART3_TX.2.Mode=DMA_NORMAL
Dma.USART3_TX.2.PeriphDataAlignment=DMA_PDATAALIGN_BYTE
Dma.USART3_TX.2.PeriphInc=DMA_PINC_DISABLE
Dma.USART3_TX.2.Priority=DMA_PRIORITY_LOW
Dma.USART3_TX.2.RequestParameters=Instance,Direction,PeriphInc,MemInc,PeriphDataAlignment,MemDataAlignment,Mode,Priority,FIFOMode
ETH.IPParameters=MediaInterface
ETH.MediaInterface=HAL_ETH_MII_MODE
FREERTOS.FootprintOK=true
FREERTOS.IPParameters=Tasks01,configQUEUE_REGISTRY_SIZE,configTOTAL_HEAP_SIZE,FootprintOK
FREERTOS.Tasks01=defaultTask,24,1280,StartDefaultTask,Default,NULL,Dynamic,NULL,NULL;Relay_task,24,1280,StartTask02,Default,NULL,Dynamic,NULL,NULL;mobdus,24,1280,StartTask03,Default,NULL,Dynamic,NULL,NULL;Relay_control,24,250,StartTask04,Default,NULL,Dynamic,NULL,NULL;LWGL_control,24,2500,StartTask05,Default,NULL,Dynamic,NULL,NULL;WDI,24,128,StartTask06,Default,NULL,Dynamic,NULL,NULL
FREERTOS.configQUEUE_REGISTRY_SIZE=20
FREERTOS.configTOTAL_HEAP_SIZE=37768
File.Version=6
GPIO.groupedBy=
KeepUserPlacement=false
LWIP.BSP.number=1
LWIP.DEFAULT_THREAD_STACKSIZE=2048
LWIP.GATEWAY_ADDRESS=192.168.070.001
LWIP.IPParameters=LWIP_HTTPD,LWIP_HTTPD_SSI_BY_FILE_EXTENSION,LWIP_DHCP,IP_ADDRESS,NETMASK_ADDRESS,GATEWAY_ADDRESS,MEMP_NUM_TCP_PCB,MEM_SIZE,MEMP_NUM_TCP_PCB_LISTEN,PBUF_POOL_SIZE,TCP_WND,TCP_MSS,TCPIP_THREAD_STACKSIZE,LWIP_STATS,DEFAULT_THREAD_STACKSIZE,LWIP_HTTPD_SSI,LWIP_HTTPD_CGI
LWIP.IP_ADDRESS=192.168.070.040
LWIP.LWIP_DHCP=0
LWIP.LWIP_HTTPD=1
LWIP.LWIP_HTTPD_CGI=1
LWIP.LWIP_HTTPD_SSI=1
LWIP.LWIP_HTTPD_SSI_BY_FILE_EXTENSION=0
LWIP.LWIP_STATS=1
LWIP.MEMP_NUM_TCP_PCB=15
LWIP.MEMP_NUM_TCP_PCB_LISTEN=15
LWIP.MEM_SIZE=40960
LWIP.NETMASK_ADDRESS=255.255.255.000
LWIP.PBUF_POOL_SIZE=50
LWIP.TCPIP_THREAD_STACKSIZE=2048
LWIP.TCP_MSS=1458
LWIP.TCP_WND=11664
LWIP.Version=v2.1.2_Cube
LWIP0.BSP.STBoard=false
LWIP0.BSP.api=BSP_COMPONENT_DRIVER
LWIP0.BSP.component=DP83848
LWIP0.BSP.condition=
LWIP0.BSP.instance=DP83848
LWIP0.BSP.ip=
LWIP0.BSP.mode=
LWIP0.BSP.name=Driver_PHY
LWIP0.BSP.semaphore=S_DP83848
LWIP0.BSP.solution=DP83848
Mcu.CPN=STM32F427VIT6
Mcu.Family=STM32F4
Mcu.IP0=ADC1
Mcu.IP1=DMA
Mcu.IP10=TIM2
Mcu.IP11=USART3
Mcu.IP2=ETH
Mcu.IP3=FREERTOS
Mcu.IP4=I2C1
Mcu.IP5=LWIP
Mcu.IP6=NVIC
Mcu.IP7=RCC
Mcu.IP8=SPI4
Mcu.IP9=SYS
Mcu.IPNb=12
Mcu.Name=STM32F427V(G-I)Tx
Mcu.Package=LQFP100
Mcu.Pin0=PE2
Mcu.Pin1=PH0/OSC_IN
Mcu.Pin10=PA4
Mcu.Pin11=PA6
Mcu.Pin12=PA7
Mcu.Pin13=PC4
Mcu.Pin14=PC5
Mcu.Pin15=PB0
Mcu.Pin16=PB1
Mcu.Pin17=PB2/BOOT1
Mcu.Pin18=PE7
Mcu.Pin19=PE10
Mcu.Pin2=PH1/OSC_OUT
Mcu.Pin20=PE11
Mcu.Pin21=PE12
Mcu.Pin22=PE13
Mcu.Pin23=PE14
Mcu.Pin24=PE15
Mcu.Pin25=PB10
Mcu.Pin26=PB11
Mcu.Pin27=PB12
Mcu.Pin28=PB13
Mcu.Pin29=PD11
Mcu.Pin3=PC1
Mcu.Pin30=PD12
Mcu.Pin31=PD15
Mcu.Pin32=PC6
Mcu.Pin33=PC8
Mcu.Pin34=PC9
Mcu.Pin35=PA8
Mcu.Pin36=PA9
Mcu.Pin37=PA10
Mcu.Pin38=PA12
Mcu.Pin39=PA13
Mcu.Pin4=PC2
Mcu.Pin40=PA14
Mcu.Pin41=PA15
Mcu.Pin42=PC10
Mcu.Pin43=PC11
Mcu.Pin44=PC12
Mcu.Pin45=PB4
Mcu.Pin46=PB6
Mcu.Pin47=PB7
Mcu.Pin48=VP_FREERTOS_VS_CMSIS_V2
Mcu.Pin49=VP_LWIP_VS_Enabled
Mcu.Pin5=PC3
Mcu.Pin50=VP_SYS_VS_tim1
Mcu.Pin51=VP_TIM2_VS_ClockSourceINT
Mcu.Pin6=PA0/WKUP
Mcu.Pin7=PA1
Mcu.Pin8=PA2
Mcu.Pin9=PA3
Mcu.PinsNb=52
Mcu.ThirdPartyNb=0
Mcu.UserConstants=
Mcu.UserName=STM32F427VITx
MxCube.Version=6.11.1
MxDb.Version=DB.6.0.111
NVIC.BusFault_IRQn=true\:0\:0\:false\:false\:true\:false\:false\:false\:false
NVIC.DMA1_Stream1_IRQn=true\:5\:0\:false\:false\:true\:true\:false\:true\:true
NVIC.DMA1_Stream3_IRQn=true\:5\:0\:false\:false\:true\:true\:false\:true\:true
NVIC.DMA2_Stream1_IRQn=true\:5\:0\:false\:false\:true\:true\:false\:true\:true
NVIC.DebugMonitor_IRQn=true\:0\:0\:false\:false\:true\:false\:false\:false\:false
NVIC.ETH_IRQn=true\:5\:0\:false\:false\:true\:true\:false\:true\:true
NVIC.ForceEnableDMAVector=true
NVIC.HardFault_IRQn=true\:0\:0\:false\:false\:true\:false\:false\:false\:false
NVIC.MemoryManagement_IRQn=true\:0\:0\:false\:false\:true\:false\:false\:false\:false
NVIC.NonMaskableInt_IRQn=true\:0\:0\:false\:false\:true\:false\:false\:false\:false
NVIC.PendSV_IRQn=true\:15\:0\:false\:false\:false\:true\:false\:false\:false
NVIC.PriorityGroup=NVIC_PRIORITYGROUP_4
NVIC.SVCall_IRQn=true\:0\:0\:false\:false\:false\:false\:false\:false\:false
NVIC.SavedPendsvIrqHandlerGenerated=true
NVIC.SavedSvcallIrqHandlerGenerated=true
NVIC.SavedSystickIrqHandlerGenerated=true
NVIC.SysTick_IRQn=true\:15\:0\:false\:false\:false\:true\:false\:true\:false
NVIC.TIM1_UP_TIM10_IRQn=true\:15\:0\:false\:false\:true\:false\:false\:true\:true
NVIC.TIM2_IRQn=true\:5\:0\:false\:false\:true\:true\:true\:true\:true
NVIC.TimeBase=TIM1_UP_TIM10_IRQn
NVIC.TimeBaseIP=TIM1
NVIC.USART3_IRQn=true\:5\:0\:false\:false\:true\:true\:true\:true\:true
NVIC.UsageFault_IRQn=true\:0\:0\:false\:false\:true\:false\:false\:false\:false
PA0/WKUP.Mode=MII
PA0/WKUP.Signal=ETH_CRS
PA1.Mode=MII
PA1.Signal=ETH_RX_CLK
PA10.GPIOParameters=GPIO_Label
PA10.GPIO_Label=Checking_for_leaks
PA10.Locked=true
PA10.Signal=GPIO_Output
PA12.GPIOParameters=GPIO_Label
PA12.GPIO_Label=PA12
PA12.Locked=true
PA12.Signal=GPIO_Input
PA13.Mode=Serial_Wire
PA13.Signal=SYS_JTMS-SWDIO
PA14.Mode=Serial_Wire
PA14.Signal=SYS_JTCK-SWCLK
PA15.GPIOParameters=GPIO_Label
PA15.GPIO_Label=RS485_1_ON
PA15.Locked=true
PA15.Signal=GPIO_Input
PA2.Mode=MII
PA2.Signal=ETH_MDIO
PA3.Mode=MII
PA3.Signal=ETH_COL
PA4.Signal=ADCx_IN4
PA6.GPIOParameters=GPIO_Label
PA6.GPIO_Label=Fixing_the_leak
PA6.Locked=true
PA6.Signal=GPIO_Input
PA7.Mode=MII
PA7.Signal=ETH_RX_DV
PA8.Mode=Clock-out-1
PA8.Signal=RCC_MCO_1
PA9.GPIOParameters=GPIO_Label
PA9.GPIO_Label=RELAY_CONTROL
PA9.Locked=true
PA9.Signal=GPIO_Output
PB0.Mode=MII
PB0.Signal=ETH_RXD2
PB1.Mode=MII
PB1.Signal=ETH_RXD3
PB10.Mode=Activate Rx Err signal
PB10.Signal=ETH_RX_ER
PB11.Mode=MII
PB11.Signal=ETH_TX_EN
PB12.Mode=MII
PB12.Signal=ETH_TXD0
PB13.Mode=MII
PB13.Signal=ETH_TXD1
PB2/BOOT1.GPIOParameters=GPIO_Label
PB2/BOOT1.GPIO_Label=WDI
PB2/BOOT1.Locked=true
PB2/BOOT1.Signal=GPIO_Output
PB4.Locked=true
PB4.Signal=GPIO_Output
PB6.Mode=I2C
PB6.Signal=I2C1_SCL
PB7.Mode=I2C
PB7.Signal=I2C1_SDA
PC1.Mode=MII
PC1.Signal=ETH_MDC
PC10.Locked=true
PC10.Mode=Asynchronous
PC10.Signal=USART3_TX
PC11.Locked=true
PC11.Mode=Asynchronous
PC11.Signal=USART3_RX
PC12.GPIOParameters=GPIO_Label
PC12.GPIO_Label=UART1_RE/DE
PC12.Locked=true
PC12.Signal=GPIO_Output
PC2.Mode=MII
PC2.Signal=ETH_TXD2
PC3.Mode=MII
PC3.Signal=ETH_TX_CLK
PC4.Mode=MII
PC4.Signal=ETH_RXD0
PC5.Mode=MII
PC5.Signal=ETH_RXD1
PC6.GPIOParameters=GPIO_Label
PC6.GPIO_Label=MCU_BLK_1_2
PC6.Locked=true
PC6.Signal=GPIO_Input
PC8.GPIOParameters=GPIO_Label
PC8.GPIO_Label=RST_PHYLAN
PC8.Locked=true
PC8.Signal=GPIO_Output
PC9.Locked=true
PC9.Signal=GPIO_Output
PD11.GPIOParameters=GPIO_Label
PD11.GPIO_Label=MCU_BLK_2_2
PD11.Locked=true
PD11.Signal=GPIO_Input
PD12.GPIOParameters=GPIO_Label
PD12.GPIO_Label=MCU_BLK_2_1
PD12.Locked=true
PD12.Signal=GPIO_Input
PD15.GPIOParameters=GPIO_Label
PD15.GPIO_Label=MCU_BLK_1_1
PD15.Locked=true
PD15.Signal=GPIO_Input
PE10.GPIOParameters=GPIO_Label
PE10.GPIO_Label=LED_DISPLAY
PE10.Locked=true
PE10.Signal=GPIO_Output
PE11.GPIOParameters=GPIO_Label
PE11.GPIO_Label=SPI_NCC
PE11.Locked=true
PE11.Signal=GPIO_Output
PE12.Mode=Full_Duplex_Master
PE12.Signal=SPI4_SCK
PE13.Locked=true
PE13.Mode=Full_Duplex_Master
PE13.Signal=SPI4_MISO
PE14.Locked=true
PE14.Mode=Full_Duplex_Master
PE14.Signal=SPI4_MOSI
PE15.GPIOParameters=GPIO_Label
PE15.GPIO_Label=OLED_RST
PE15.Locked=true
PE15.Signal=GPIO_Output
PE2.Mode=MII
PE2.Signal=ETH_TXD3
PE7.GPIOParameters=GPIO_Label
PE7.GPIO_Label=INT_LAN8710
PE7.Locked=true
PE7.Signal=GPXTI7
PH0/OSC_IN.Mode=HSE-External-Oscillator
PH0/OSC_IN.Signal=RCC_OSC_IN
PH1/OSC_OUT.Mode=HSE-External-Oscillator
PH1/OSC_OUT.Signal=RCC_OSC_OUT
PinOutPanel.RotationAngle=0
ProjectManager.AskForMigrate=true
ProjectManager.BackupPrevious=false
ProjectManager.CompilerOptimize=6
ProjectManager.ComputerToolchain=false
ProjectManager.CoupleFile=true
ProjectManager.CustomerFirmwarePackage=
ProjectManager.DefaultFWLocation=true
ProjectManager.DeletePrevious=true
ProjectManager.DeviceId=STM32F427VITx
ProjectManager.FirmwarePackage=STM32Cube FW_F4 V1.28.0
ProjectManager.FreePins=false
ProjectManager.HalAssertFull=false
ProjectManager.HeapSize=0x4000
ProjectManager.KeepUserCode=true
ProjectManager.LastFirmware=false
ProjectManager.LibraryCopy=0
ProjectManager.MainLocation=Core/Src
ProjectManager.NoMain=false
ProjectManager.PreviousToolchain=
ProjectManager.ProjectBuild=false
ProjectManager.ProjectFileName=USK_M_MX.ioc
ProjectManager.ProjectName=USK_M_MX
ProjectManager.ProjectStructure=
ProjectManager.RegisterCallBack=
ProjectManager.StackSize=0x2000
ProjectManager.TargetToolchain=EWARM V8.50
ProjectManager.ToolChainLocation=
ProjectManager.UAScriptAfterPath=
ProjectManager.UAScriptBeforePath=
ProjectManager.UnderRoot=false
ProjectManager.functionlistsort=1-SystemClock_Config-RCC-false-HAL-false,2-MX_GPIO_Init-GPIO-false-HAL-true,3-MX_DMA_Init-DMA-false-HAL-true,4-MX_SPI4_Init-SPI4-false-HAL-true,5-MX_LWIP_Init-LWIP-false-HAL-false,6-MX_ADC1_Init-ADC1-false-HAL-true,7-MX_TIM2_Init-TIM2-false-HAL-true,8-MX_USART3_UART_Init-USART3-false-HAL-true,9-MX_I2C1_Init-I2C1-false-HAL-true
RCC.48MHZClocksFreq_Value=90000000
RCC.AHBFreq_Value=90000000
RCC.APB1CLKDivider=RCC_HCLK_DIV2
RCC.APB1Freq_Value=45000000
RCC.APB1TimFreq_Value=90000000
RCC.APB2CLKDivider=RCC_HCLK_DIV2
RCC.APB2Freq_Value=45000000
RCC.APB2TimFreq_Value=90000000
RCC.CortexFreq_Value=90000000
RCC.EthernetFreq_Value=90000000
RCC.FCLKCortexFreq_Value=90000000
RCC.FamilyName=M
RCC.HCLKFreq_Value=90000000
RCC.HSE_VALUE=25000000
RCC.HSI_VALUE=16000000
RCC.I2SClocksFreq_Value=160000000
RCC.IPParameters=48MHZClocksFreq_Value,AHBFreq_Value,APB1CLKDivider,APB1Freq_Value,APB1TimFreq_Value,APB2CLKDivider,APB2Freq_Value,APB2TimFreq_Value,CortexFreq_Value,EthernetFreq_Value,FCLKCortexFreq_Value,FamilyName,HCLKFreq_Value,HSE_VALUE,HSI_VALUE,I2SClocksFreq_Value,LSE_VALUE,LSI_VALUE,MCO1PinFreq_Value,MCO2PinFreq_Value,PLLCLKFreq_Value,PLLM,PLLN,PLLP,PLLQCLKFreq_Value,PLLSourceVirtual,RCC_MCO1Source,RTCFreq_Value,RTCHSEDivFreq_Value,SAI_AClocksFreq_Value,SAI_BClocksFreq_Value,SYSCLKFreq_VALUE,SYSCLKSource,VCOI2SOutputFreq_Value,VCOInputFreq_Value,VCOOutputFreq_Value,VCOSAIOutputFreq_Value,VCOSAIOutputFreq_ValueQ,VcooutputI2S,VcooutputI2SQ
RCC.LSE_VALUE=32768
RCC.LSI_VALUE=32000
RCC.MCO1PinFreq_Value=25000000
RCC.MCO2PinFreq_Value=90000000
RCC.PLLCLKFreq_Value=90000000
RCC.PLLM=15
RCC.PLLN=216
RCC.PLLP=RCC_PLLP_DIV4
RCC.PLLQCLKFreq_Value=90000000
RCC.PLLSourceVirtual=RCC_PLLSOURCE_HSE
RCC.RCC_MCO1Source=RCC_MCO1SOURCE_HSE
RCC.RTCFreq_Value=32000
RCC.RTCHSEDivFreq_Value=12500000
RCC.SAI_AClocksFreq_Value=20416666.666666668
RCC.SAI_BClocksFreq_Value=20416666.666666668
RCC.SYSCLKFreq_VALUE=90000000
RCC.SYSCLKSource=RCC_SYSCLKSOURCE_PLLCLK
RCC.VCOI2SOutputFreq_Value=320000000
RCC.VCOInputFreq_Value=1666666.6666666667
RCC.VCOOutputFreq_Value=360000000
RCC.VCOSAIOutputFreq_Value=81666666.66666667
RCC.VCOSAIOutputFreq_ValueQ=20416666.666666668
RCC.VcooutputI2S=160000000
RCC.VcooutputI2SQ=160000000
SH.ADCx_IN4.0=ADC1_IN4,IN4
SH.ADCx_IN4.ConfNb=1
SH.GPXTI7.0=GPIO_EXTI7
SH.GPXTI7.ConfNb=1
SPI4.CalculateBaudRate=22.5 MBits/s
SPI4.Direction=SPI_DIRECTION_2LINES
SPI4.IPParameters=VirtualType,Mode,Direction,CalculateBaudRate
SPI4.Mode=SPI_MODE_MASTER
SPI4.VirtualType=VM_MASTER
TIM2.IPParameters=Prescaler,Period
TIM2.Period=9999
TIM2.Prescaler=17999
USART3.IPParameters=VirtualMode
USART3.VirtualMode=VM_ASYNC
VP_FREERTOS_VS_CMSIS_V2.Mode=CMSIS_V2
VP_FREERTOS_VS_CMSIS_V2.Signal=FREERTOS_VS_CMSIS_V2
VP_LWIP_VS_Enabled.Mode=Enabled
VP_LWIP_VS_Enabled.Signal=LWIP_VS_Enabled
VP_SYS_VS_tim1.Mode=TIM1
VP_SYS_VS_tim1.Signal=SYS_VS_tim1
VP_TIM2_VS_ClockSourceINT.Mode=Internal
VP_TIM2_VS_ClockSourceINT.Signal=TIM2_VS_ClockSourceINT
board=custom
rtos.0.ip=FREERTOS
